// !$*UTF8*$!
{
	archiveVersion = 1;
	classes = {
	};
	objectVersion = 46;
	objects = {

/* Begin PBXBuildFile section */
		DD778AC61AE1134E0075D877 /* main.m in Sources */ = {isa = PBXBuildFile; fileRef = DD778AC51AE1134E0075D877 /* main.m */; };
		DD778AC91AE1134E0075D877 /* AppDelegate.m in Sources */ = {isa = PBXBuildFile; fileRef = DD778AC81AE1134E0075D877 /* AppDelegate.m */; };
		DD778ACC1AE1134E0075D877 /* ViewController.m in Sources */ = {isa = PBXBuildFile; fileRef = DD778ACB1AE1134E0075D877 /* ViewController.m */; };
		DD778ACF1AE1134E0075D877 /* Main.storyboard in Resources */ = {isa = PBXBuildFile; fileRef = DD778ACD1AE1134E0075D877 /* Main.storyboard */; };
		DD778AD11AE1134E0075D877 /* Images.xcassets in Resources */ = {isa = PBXBuildFile; fileRef = DD778AD01AE1134E0075D877 /* Images.xcassets */; };
		DD778AD41AE1134E0075D877 /* LaunchScreen.xib in Resources */ = {isa = PBXBuildFile; fileRef = DD778AD21AE1134E0075D877 /* LaunchScreen.xib */; };
		DD778AE01AE1134E0075D877 /* popTestTests.m in Sources */ = {isa = PBXBuildFile; fileRef = DD778ADF1AE1134E0075D877 /* popTestTests.m */; };
/* End PBXBuildFile section */

/* Begin PBXContainerItemProxy section */
		DD778ADA1AE1134E0075D877 /* PBXContainerItemProxy */ = {
			isa = PBXContainerItemProxy;
			containerPortal = DD778AB81AE1134E0075D877 /* Project object */;
			proxyType = 1;
			remoteGlobalIDString = DD778ABF1AE1134E0075D877;
			remoteInfo = popTest;
		};
/* End PBXContainerItemProxy section */

/* Begin PBXFileReference section */
		DD778AC01AE1134E0075D877 /* popTest.app */ = {isa = PBXFileReference; explicitFileType = wrapper.application; includeInIndex = 0; path = popTest.app; sourceTree = BUILT_PRODUCTS_DIR; };
		DD778AC41AE1134E0075D877 /* Info.plist */ = {isa = PBXFileReference; lastKnownFileType = text.plist.xml; path = Info.plist; sourceTree = "<group>"; };
		DD778AC51AE1134E0075D877 /* main.m */ = {isa = PBXFileReference; lastKnownFileType = sourcecode.c.objc; path = main.m; sourceTree = "<group>"; };
		DD778AC71AE1134E0075D877 /* AppDelegate.h */ = {isa = PBXFileReference; lastKnownFileType = sourcecode.c.h; path = AppDelegate.h; sourceTree = "<group>"; };
		DD778AC81AE1134E0075D877 /* AppDelegate.m */ = {isa = PBXFileReference; lastKnownFileType = sourcecode.c.objc; path = AppDelegate.m; sourceTree = "<group>"; };
		DD778ACA1AE1134E0075D877 /* ViewController.h */ = {isa = PBXFileReference; lastKnownFileType = sourcecode.c.h; path = ViewController.h; sourceTree = "<group>"; };
		DD778ACB1AE1134E0075D877 /* ViewController.m */ = {isa = PBXFileReference; lastKnownFileType = sourcecode.c.objc; path = ViewController.m; sourceTree = "<group>"; };
		DD778ACE1AE1134E0075D877 /* Base */ = {isa = PBXFileReference; lastKnownFileType = file.storyboard; name = Base; path = Base.lproj/Main.storyboard; sourceTree = "<group>"; };
		DD778AD01AE1134E0075D877 /* Images.xcassets */ = {isa = PBXFileReference; lastKnownFileType = folder.assetcatalog; path = Images.xcassets; sourceTree = "<group>"; };
		DD778AD31AE1134E0075D877 /* Base */ = {isa = PBXFileReference; lastKnownFileType = file.xib; name = Base; path = Base.lproj/LaunchScreen.xib; sourceTree = "<group>"; };
		DD778AD91AE1134E0075D877 /* popTestTests.xctest */ = {isa = PBXFileReference; explicitFileType = wrapper.cfbundle; includeInIndex = 0; path = popTestTests.xctest; sourceTree = BUILT_PRODUCTS_DIR; };
		DD778ADE1AE1134E0075D877 /* Info.plist */ = {isa = PBXFileReference; lastKnownFileType = text.plist.xml; path = Info.plist; sourceTree = "<group>"; };
		DD778ADF1AE1134E0075D877 /* popTestTests.m */ = {isa = PBXFileReference; lastKnownFileType = sourcecode.c.objc; path = popTestTests.m; sourceTree = "<group>"; };
/* End PBXFileReference section */

/* Begin PBXFrameworksBuildPhase section */
		DD778ABD1AE1134E0075D877 /* Frameworks */ = {
			isa = PBXFrameworksBuildPhase;
			buildActionMask = 2147483647;
			files = (
			);
			runOnlyForDeploymentPostprocessing = 0;
		};
		DD778AD61AE1134E0075D877 /* Frameworks */ = {
			isa = PBXFrameworksBuildPhase;
			buildActionMask = 2147483647;
			files = (
			);
			runOnlyForDeploymentPostprocessing = 0;
		};
/* End PBXFrameworksBuildPhase section */

/* Begin PBXGroup section */
		DD778AB71AE1134E0075D877 = {
			isa = PBXGroup;
			children = (
				DD778AC21AE1134E0075D877 /* popTest */,
				DD778ADC1AE1134E0075D877 /* popTestTests */,
				DD778AC11AE1134E0075D877 /* Products */,
			);
			sourceTree = "<group>";
		};
		DD778AC11AE1134E0075D877 /* Products */ = {
			isa = PBXGroup;
			children = (
				DD778AC01AE1134E0075D877 /* popTest.app */,
				DD778AD91AE1134E0075D877 /* popTestTests.xctest */,
			);
			name = Products;
			sourceTree = "<group>";
		};
		DD778AC21AE1134E0075D877 /* popTest */ = {
			isa = PBXGroup;
			children = (
				DD778AC71AE1134E0075D877 /* AppDelegate.h */,
				DD778AC81AE1134E0075D877 /* AppDelegate.m */,
				DD778ACA1AE1134E0075D877 /* ViewController.h */,
				DD778ACB1AE1134E0075D877 /* ViewController.m */,
				DD778ACD1AE1134E0075D877 /* Main.storyboard */,
				DD778AD01AE1134E0075D877 /* Images.xcassets */,
				DD778AD21AE1134E0075D877 /* LaunchScreen.xib */,
				DD778AC31AE1134E0075D877 /* Supporting Files */,
			);
			path = popTest;
			sourceTree = "<group>";
		};
		DD778AC31AE1134E0075D877 /* Supporting Files */ = {
			isa = PBXGroup;
			children = (
				DD778AC41AE1134E0075D877 /* Info.plist */,
				DD778AC51AE1134E0075D877 /* main.m */,
			);
			name = "Supporting Files";
			sourceTree = "<group>";
		};
		DD778ADC1AE1134E0075D877 /* popTestTests */ = {
			isa = PBXGroup;
			children = (
				DD778ADF1AE1134E0075D877 /* popTestTests.m */,
				DD778ADD1AE1134E0075D877 /* Supporting Files */,
			);
			path = popTestTests;
			sourceTree = "<group>";
		};
		DD778ADD1AE1134E0075D877 /* Supporting Files */ = {
			isa = PBXGroup;
			children = (
				DD778ADE1AE1134E0075D877 /* Info.plist */,
			);
			name = "Supporting Files";
			sourceTree = "<group>";
		};
/* End PBXGroup section */

/* Begin PBXNativeTarget section */
		DD778ABF1AE1134E0075D877 /* popTest */ = {
			isa = PBXNativeTarget;
			buildConfigurationList = DD778AE31AE1134E0075D877 /* Build configuration list for PBXNativeTarget "popTest" */;
			buildPhases = (
				DD778ABC1AE1134E0075D877 /* Sources */,
				DD778ABD1AE1134E0075D877 /* Frameworks */,
				DD778ABE1AE1134E0075D877 /* Resources */,
			);
			buildRules = (
			);
			dependencies = (
			);
			name = popTest;
			productName = popTest;
			productReference = DD778AC01AE1134E0075D877 /* popTest.app */;
			productType = "com.apple.product-type.application";
		};
		DD778AD81AE1134E0075D877 /* popTestTests */ = {
			isa = PBXNativeTarget;
			buildConfigurationList = DD778AE61AE1134E0075D877 /* Build configuration list for PBXNativeTarget "popTestTests" */;
			buildPhases = (
				DD778AD51AE1134E0075D877 /* Sources */,
				DD778AD61AE1134E0075D877 /* Frameworks */,
				DD778AD71AE1134E0075D877 /* Resources */,
			);
			buildRules = (
			);
			dependencies = (
				DD778ADB1AE1134E0075D877 /* PBXTargetDependency */,
			);
			name = popTestTests;
			productName = popTestTests;
			productReference = DD778AD91AE1134E0075D877 /* popTestTests.xctest */;
			productType = "com.apple.product-type.bundle.unit-test";
		};
/* End PBXNativeTarget section */

/* Begin PBXProject section */
		DD778AB81AE1134E0075D877 /* Project object */ = {
			isa = PBXProject;
			attributes = {
				LastUpgradeCheck = 0620;
				ORGANIZATIONNAME = Akring;
				TargetAttributes = {
					DD778ABF1AE1134E0075D877 = {
						CreatedOnToolsVersion = 6.2;
					};
					DD778AD81AE1134E0075D877 = {
						CreatedOnToolsVersion = 6.2;
						TestTargetID = DD778ABF1AE1134E0075D877;
					};
				};
			};
			buildConfigurationList = DD778ABB1AE1134E0075D877 /* Build configuration list for PBXProject "popTest" */;
			compatibilityVersion = "Xcode 3.2";
			developmentRegion = English;
			hasScannedForEncodings = 0;
			knownRegions = (
				en,
				Base,
			);
			mainGroup = DD778AB71AE1134E0075D877;
			productRefGroup = DD778AC11AE1134E0075D877 /* Products */;
			projectDirPath = "";
			projectRoot = "";
			targets = (
				DD778ABF1AE1134E0075D877 /* popTest */,
				DD778AD81AE1134E0075D877 /* popTestTests */,
			);
		};
/* End PBXProject section */

/* Begin PBXResourcesBuildPhase section */
		DD778ABE1AE1134E0075D877 /* Resources */ = {
			isa = PBXResourcesBuildPhase;
			buildActionMask = 2147483647;
			files = (
				DD778ACF1AE1134E0075D877 /* Main.storyboard in Resources */,
				DD778AD41AE1134E0075D877 /* LaunchScreen.xib in Resources */,
				DD778AD11AE1134E0075D877 /* Images.xcassets in Resources */,
			);
			runOnlyForDeploymentPostprocessing = 0;
		};
		DD778AD71AE1134E0075D877 /* Resources */ = {
			isa = PBXResourcesBuildPhase;
			buildActionMask = 2147483647;
			files = (
			);
			runOnlyForDeploymentPostprocessing = 0;
		};
/* End PBXResourcesBuildPhase section */

/* Begin PBXSourcesBuildPhase section */
		DD778ABC1AE1134E0075D877 /* Sources */ = {
			isa = PBXSourcesBuildPhase;
			buildActionMask = 2147483647;
			files = (
				DD778ACC1AE1134E0075D877 /* ViewController.m in Sources */,
				DD778AC91AE1134E0075D877 /* AppDelegate.m in Sources */,
				DD778AC61AE1134E0075D877 /* main.m in Sources */,
			);
			runOnlyForDeploymentPostprocessing = 0;
		};
		DD778AD51AE1134E0075D877 /* Sources */ = {
			isa = PBXSourcesBuildPhase;
			buildActionMask = 2147483647;
			files = (
				DD778AE01AE1134E0075D877 /* popTestTests.m in Sources */,
			);
			runOnlyForDeploymentPostprocessing = 0;
		};
/* End PBXSourcesBuildPhase section */

/* Begin PBXTargetDependency section */
		DD778ADB1AE1134E0075D877 /* PBXTargetDependency */ = {
			isa = PBXTargetDependency;
			target = DD778ABF1AE1134E0075D877 /* popTest */;
			targetProxy = DD778ADA1AE1134E0075D877 /* PBXContainerItemProxy */;
		};
/* End PBXTargetDependency section */

/* Begin PBXVariantGroup section */
		DD778ACD1AE1134E0075D877 /* Main.storyboard */ = {
			isa = PBXVariantGroup;
			children = (
				DD778ACE1AE1134E0075D877 /* Base */,
			);
			name = Main.storyboard;
			sourceTree = "<group>";
		};
		DD778AD21AE1134E0075D877 /* LaunchScreen.xib */ = {
			isa = PBXVariantGroup;
			children = (
				DD778AD31AE1134E0075D877 /* Base */,
			);
			name = LaunchScreen.xib;
			sourceTree = "<group>";
		};
/* End PBXVariantGroup section */

/* Begin XCBuildConfiguration section */
		DD778AE11AE1134E0075D877 /* Debug */ = {
			isa = XCBuildConfiguration;
			buildSettings = {
				ALWAYS_SEARCH_USER_PATHS = NO;
				CLANG_CXX_LANGUAGE_STANDARD = "gnu++0x";
				CLANG_CXX_LIBRARY = "libc++";
				CLANG_ENABLE_MODULES = YES;
				CLANG_ENABLE_OBJC_ARC = YES;
				CLANG_WARN_BOOL_CONVERSION = YES;
				CLANG_WARN_CONSTANT_CONVERSION = YES;
				CLANG_WARN_DIRECT_OBJC_ISA_USAGE = YES_ERROR;
				CLANG_WARN_EMPTY_BODY = YES;
				CLANG_WARN_ENUM_CONVERSION = YES;
				CLANG_WARN_INT_CONVERSION = YES;
				CLANG_WARN_OBJC_ROOT_CLASS = YES_ERROR;
				CLANG_WARN_UNREACHABLE_CODE = YES;
				CLANG_WARN__DUPLICATE_METHOD_MATCH = YES;
				"CODE_SIGN_IDENTITY[sdk=iphoneos*]" = "iPhone Developer";
				COPY_PHASE_STRIP = NO;
				ENABLE_STRICT_OBJC_MSGSEND = YES;
				GCC_C_LANGUAGE_STANDARD = gnu99;
				GCC_DYNAMIC_NO_PIC = NO;
				GCC_OPTIMIZATION_LEVEL = 0;
				GCC_PREPROCESSOR_DEFINITIONS = (
					"DEBUG=1",
					"$(inherited)",
				);
				GCC_SYMBOLS_PRIVATE_EXTERN = NO;
				GCC_WARN_64_TO_32_BIT_CONVERSION = YES;
				GCC_WARN_ABOUT_RETURN_TYPE = YES_ERROR;
				GCC_WARN_UNDECLARED_SELECTOR = YES;
				GCC_WARN_UNINITIALIZED_AUTOS = YES_AGGRESSIVE;
				GCC_WARN_UNUSED_FUNCTION = YES;
				GCC_WARN_UNUSED_VARIABLE = YES;
				IPHONEOS_DEPLOYMENT_TARGET = 8.2;
				MTL_ENABLE_DEBUG_INFO = YES;
				ONLY_ACTIVE_ARCH = YES;
				SDKROOT = iphoneos;
			};
			name = Debug;
		};
		DD778AE21AE1134E0075D877 /* Release */ = {
			isa = XCBuildConfiguration;
			buildSettings = {
				ALWAYS_SEARCH_USER_PATHS = NO;
				CLANG_CXX_LANGUAGE_STANDARD = "gnu++0x";
				CLANG_CXX_LIBRARY = "libc++";
				CLANG_ENABLE_MODULES = YES;
				CLANG_ENABLE_OBJC_ARC = YES;
				CLANG_WARN_BOOL_CONVERSION = YES;
				CLANG_WARN_CONSTANT_CONVERSION = YES;
				CLANG_WARN_DIRECT_OBJC_ISA_USAGE = YES_ERROR;
				CLANG_WARN_EMPTY_BODY = YES;
				CLANG_WARN_ENUM_CONVERSION = YES;
				CLANG_WARN_INT_CONVERSION = YES;
				CLANG_WARN_OBJC_ROOT_CLASS = YES_ERROR;
				CLANG_WARN_UNREACHABLE_CODE = YES;
				CLANG_WARN__DUPLICATE_METHOD_MATCH = YES;
				"CODE_SIGN_IDENTITY[sdk=iphoneos*]" = "iPhone Developer";
				COPY_PHASE_STRIP = NO;
				ENABLE_NS_ASSERTIONS = NO;
				ENABLE_STRICT_OBJC_MSGSEND = YES;
				GCC_C_LANGUAGE_STANDARD = gnu99;
				GCC_WARN_64_TO_32_BIT_CONVERSION = YES;
				GCC_WARN_ABOUT_RETURN_TYPE = YES_ERROR;
				GCC_WARN_UNDECLARED_SELECTOR = YES;
				GCC_WARN_UNINITIALIZED_AUTOS = YES_AGGRESSIVE;
				GCC_WARN_UNUSED_FUNCTION = YES;
				GCC_WARN_UNUSED_VARIABLE = YES;
				IPHONEOS_DEPLOYMENT_TARGET = 8.2;
				MTL_ENABLE_DEBUG_INFO = NO;
				SDKROOT = iphoneos;
				VALIDATE_PRODUCT = YES;
			};
			name = Release;
		};
		DD778AE41AE1134E0075D877 /* Debug */ = {
			isa = XCBuildConfiguration;
			buildSettings = {
				ASSETCATALOG_COMPILER_APPICON_NAME = AppIcon;
				INFOPLIST_FILE = popTest/Info.plist;
				LD_RUNPATH_SEARCH_PATHS = "$(inherited) @executable_path/Frameworks";
				PRODUCT_NAME = "$(TARGET_NAME)";
			};
			name = Debug;
		};
		DD778AE51AE1134E0075D877 /* Release */ = {
			isa = XCBuildConfiguration;
			buildSettings = {
				ASSETCATALOG_COMPILER_APPICON_NAME = AppIcon;
				INFOPLIST_FILE = popTest/Info.plist;
				LD_RUNPATH_SEARCH_PATHS = "$(inherited) @executable_path/Frameworks";
				PRODUCT_NAME = "$(TARGET_NAME)";
			};
			name = Release;
		};
		DD778AE71AE1134E0075D877 /* Debug */ = {
			isa = XCBuildConfiguration;
			buildSettings = {
				BUNDLE_LOADER = "$(TEST_HOST)";
				FRAMEWORK_SEARCH_PATHS = (
					"$(SDKROOT)/Developer/Library/Frameworks",
					"$(inherited)",
				);
				GCC_PREPROCESSOR_DEFINITIONS = (
					"DEBUG=1",
					"$(inherited)",
				);
				INFOPLIST_FILE = popTestTests/Info.plist;
				LD_RUNPATH_SEARCH_PATHS = "$(inherited) @executable_path/Frameworks @loader_path/Frameworks";
				PRODUCT_NAME = "$(TARGET_NAME)";
				TEST_HOST = "$(BUILT_PRODUCTS_DIR)/popTest.app/popTest";
			};
			name = Debug;
		};
		DD778AE81AE1134E0075D877 /* Release */ = {
			isa = XCBuildConfiguration;
			buildSettings = {
				BUNDLE_LOADER = "$(TEST_HOST)";
				FRAMEWORK_SEARCH_PATHS = (
					"$(SDKROOT)/Developer/Library/Frameworks",
					"$(inherited)",
				);
				INFOPLIST_FILE = popTestTests/Info.plist;
				LD_RUNPATH_SEARCH_PATHS = "$(inherited) @executable_path/Frameworks @loader_path/Frameworks";
				PRODUCT_NAME = "$(TARGET_NAME)";
				TEST_HOST = "$(BUILT_PRODUCTS_DIR)/popTest.app/popTest";
			};
			name = Release;
		};
/* End XCBuildConfiguration section */

/* Begin XCConfigurationList section */
		DD778ABB1AE1134E0075D877 /* Build configuration list for PBXProject "popTest" */ = {
			isa = XCConfigurationList;
			buildConfigurations = (
				DD778AE11AE1134E0075D877 /* Debug */,
				DD778AE21AE1134E0075D877 /* Release */,
			);
			defaultConfigurationIsVisible = 0;
			defaultConfigurationName = Release;
		};
		DD778AE31AE1134E0075D877 /* Build configuration list for PBXNativeTarget "popTest" */ = {
			isa = XCConfigurationList;
			buildConfigurations = (
				DD778AE41AE1134E0075D877 /* Debug */,
				DD778AE51AE1134E0075D877 /* Release */,
			);
			defaultConfigurationIsVisible = 0;
		};
		DD778AE61AE1134E0075D877 /* Build configuration list for PBXNativeTarget "popTestTests" */ = {
			isa = XCConfigurationList;
			buildConfigurations = (
				DD778AE71AE1134E0075D877 /* Debug */,
				DD778AE81AE1134E0075D877 /* Release */,
			);
			defaultConfigurationIsVisible = 0;
		};
/* End XCConfigurationList section */
	};
	rootObject = DD778AB81AE1134E0075D877 /* Project object */;
}
